// !$*UTF8*$!
{
	archiveVersion = 1;
	classes = {
	};
	objectVersion = 50;
	objects = {

/* Begin PBXBuildFile section */
		AFFB5C96249C036C000C8ADD /* AppDelegate.swift in Sources */ = {isa = PBXBuildFile; fileRef = AFFB5C95249C036C000C8ADD /* AppDelegate.swift */; };
		AFFB5C98249C036C000C8ADD /* SceneDelegate.swift in Sources */ = {isa = PBXBuildFile; fileRef = AFFB5C97249C036C000C8ADD /* SceneDelegate.swift */; };
		AFFB5C9A249C036C000C8ADD /* ContentView.swift in Sources */ = {isa = PBXBuildFile; fileRef = AFFB5C99249C036C000C8ADD /* ContentView.swift */; };
		AFFB5C9C249C036E000C8ADD /* Assets.xcassets in Resources */ = {isa = PBXBuildFile; fileRef = AFFB5C9B249C036E000C8ADD /* Assets.xcassets */; };
		AFFB5C9F249C036E000C8ADD /* Preview Assets.xcassets in Resources */ = {isa = PBXBuildFile; fileRef = AFFB5C9E249C036E000C8ADD /* Preview Assets.xcassets */; };
		AFFB5CA2249C036E000C8ADD /* LaunchScreen.storyboard in Resources */ = {isa = PBXBuildFile; fileRef = AFFB5CA0249C036E000C8ADD /* LaunchScreen.storyboard */; };
/* End PBXBuildFile section */

/* Begin PBXFileReference section */
		AFFB5C92249C036C000C8ADD /* minesweeper.app */ = {isa = PBXFileReference; explicitFileType = wrapper.application; includeInIndex = 0; path = minesweeper.app; sourceTree = BUILT_PRODUCTS_DIR; };
		AFFB5C95249C036C000C8ADD /* AppDelegate.swift */ = {isa = PBXFileReference; lastKnownFileType = sourcecode.swift; path = AppDelegate.swift; sourceTree = "<group>"; };
		AFFB5C97249C036C000C8ADD /* SceneDelegate.swift */ = {isa = PBXFileReference; lastKnownFileType = sourcecode.swift; path = SceneDelegate.swift; sourceTree = "<group>"; };
		AFFB5C99249C036C000C8ADD /* ContentView.swift */ = {isa = PBXFileReference; lastKnownFileType = sourcecode.swift; path = ContentView.swift; sourceTree = "<group>"; };
		AFFB5C9B249C036E000C8ADD /* Assets.xcassets */ = {isa = PBXFileReference; lastKnownFileType = folder.assetcatalog; path = Assets.xcassets; sourceTree = "<group>"; };
		AFFB5C9E249C036E000C8ADD /* Preview Assets.xcassets */ = {isa = PBXFileReference; lastKnownFileType = folder.assetcatalog; path = "Preview Assets.xcassets"; sourceTree = "<group>"; };
		AFFB5CA1249C036E000C8ADD /* Base */ = {isa = PBXFileReference; lastKnownFileType = file.storyboard; name = Base; path = Base.lproj/LaunchScreen.storyboard; sourceTree = "<group>"; };
		AFFB5CA3249C036E000C8ADD /* Info.plist */ = {isa = PBXFileReference; lastKnownFileType = text.plist.xml; path = Info.plist; sourceTree = "<group>"; };
/* End PBXFileReference section */

/* Begin PBXFrameworksBuildPhase section */
		AFFB5C8F249C036C000C8ADD /* Frameworks */ = {
			isa = PBXFrameworksBuildPhase;
			buildActionMask = 2147483647;
			files = (
			);
			runOnlyForDeploymentPostprocessing = 0;
		};
/* End PBXFrameworksBuildPhase section */

/* Begin PBXGroup section */
		AFFB5C89249C036C000C8ADD = {
			isa = PBXGroup;
			children = (
				AFFB5C94249C036C000C8ADD /* minesweeper */,
				AFFB5C93249C036C000C8ADD /* Products */,
			);
			sourceTree = "<group>";
		};
		AFFB5C93249C036C000C8ADD /* Products */ = {
			isa = PBXGroup;
			children = (
				AFFB5C92249C036C000C8ADD /* minesweeper.app */,
			);
			name = Products;
			sourceTree = "<group>";
		};
		AFFB5C94249C036C000C8ADD /* minesweeper */ = {
			isa = PBXGroup;
			children = (
				AFFB5C95249C036C000C8ADD /* AppDelegate.swift */,
				AFFB5C97249C036C000C8ADD /* SceneDelegate.swift */,
				AFFB5C99249C036C000C8ADD /* ContentView.swift */,
				AFFB5C9B249C036E000C8ADD /* Assets.xcassets */,
				AFFB5CA0249C036E000C8ADD /* LaunchScreen.storyboard */,
				AFFB5CA3249C036E000C8ADD /* Info.plist */,
				AFFB5C9D249C036E000C8ADD /* Preview Content */,
			);
			path = minesweeper;
			sourceTree = "<group>";
		};
		AFFB5C9D249C036E000C8ADD /* Preview Content */ = {
			isa = PBXGroup;
			children = (
				AFFB5C9E249C036E000C8ADD /* Preview Assets.xcassets */,
			);
			path = "Preview Content";
			sourceTree = "<group>";
		};
/* End PBXGroup section */

/* Begin PBXNativeTarget section */
		AFFB5C91249C036C000C8ADD /* minesweeper */ = {
			isa = PBXNativeTarget;
			buildConfigurationList = AFFB5CA6249C036E000C8ADD /* Build configuration list for PBXNativeTarget "minesweeper" */;
			buildPhases = (
				AFFB5C8E249C036C000C8ADD /* Sources */,
				AFFB5C8F249C036C000C8ADD /* Frameworks */,
				AFFB5C90249C036C000C8ADD /* Resources */,
			);
			buildRules = (
			);
			dependencies = (
			);
			name = minesweeper;
			productName = minesweeper;
			productReference = AFFB5C92249C036C000C8ADD /* minesweeper.app */;
			productType = "com.apple.product-type.application";
		};
/* End PBXNativeTarget section */

/* Begin PBXProject section */
		AFFB5C8A249C036C000C8ADD /* Project object */ = {
			isa = PBXProject;
			attributes = {
				LastSwiftUpdateCheck = 1150;
				LastUpgradeCheck = 1150;
				ORGANIZATIONNAME = "Ben Zobrist";
				TargetAttributes = {
					AFFB5C91249C036C000C8ADD = {
						CreatedOnToolsVersion = 11.5;
					};
				};
			};
			buildConfigurationList = AFFB5C8D249C036C000C8ADD /* Build configuration list for PBXProject "minesweeper" */;
			compatibilityVersion = "Xcode 9.3";
			developmentRegion = en;
			hasScannedForEncodings = 0;
			knownRegions = (
				en,
				Base,
			);
			mainGroup = AFFB5C89249C036C000C8ADD;
			productRefGroup = AFFB5C93249C036C000C8ADD /* Products */;
			projectDirPath = "";
			projectRoot = "";
			targets = (
				AFFB5C91249C036C000C8ADD /* minesweeper */,
			);
		};
/* End PBXProject section */

/* Begin PBXResourcesBuildPhase section */
		AFFB5C90249C036C000C8ADD /* Resources */ = {
			isa = PBXResourcesBuildPhase;
			buildActionMask = 2147483647;
			files = (
				AFFB5CA2249C036E000C8ADD /* LaunchScreen.storyboard in Resources */,
				AFFB5C9F249C036E000C8ADD /* Preview Assets.xcassets in Resources */,
				AFFB5C9C249C036E000C8ADD /* Assets.xcassets in Resources */,
			);
			runOnlyForDeploymentPostprocessing = 0;
		};
/* End PBXResourcesBuildPhase section */

/* Begin PBXSourcesBuildPhase section */
		AFFB5C8E249C036C000C8ADD /* Sources */ = {
			isa = PBXSourcesBuildPhase;
			buildActionMask = 2147483647;
			files = (
				AFFB5C96249C036C000C8ADD /* AppDelegate.swift in Sources */,
				AFFB5C98249C036C000C8ADD /* SceneDelegate.swift in Sources */,
				AFFB5C9A249C036C000C8ADD /* ContentView.swift in Sources */,
			);
			runOnlyForDeploymentPostprocessing = 0;
		};
/* End PBXSourcesBuildPhase section */

/* Begin PBXVariantGroup section */
		AFFB5CA0249C036E000C8ADD /* LaunchScreen.storyboard */ = {
			isa = PBXVariantGroup;
			children = (
				AFFB5CA1249C036E000C8ADD /* Base */,
			);
			name = LaunchScreen.storyboard;
			sourceTree = "<group>";
		};
/* End PBXVariantGroup section */

/* Begin XCBuildConfiguration section */
		AFFB5CA4249C036E000C8ADD /* Debug */ = {
			isa = XCBuildConfiguration;
			buildSettings = {
				ALWAYS_SEARCH_USER_PATHS = NO;
				CLANG_ANALYZER_NONNULL = YES;
				CLANG_ANALYZER_NUMBER_OBJECT_CONVERSION = YES_AGGRESSIVE;
				CLANG_CXX_LANGUAGE_STANDARD = "gnu++14";
				CLANG_CXX_LIBRARY = "libc++";
				CLANG_ENABLE_MODULES = YES;
				CLANG_ENABLE_OBJC_ARC = YES;
				CLANG_ENABLE_OBJC_WEAK = YES;
				CLANG_WARN_BLOCK_CAPTURE_AUTORELEASING = YES;
				CLANG_WARN_BOOL_CONVERSION = YES;
				CLANG_WARN_COMMA = YES;
				CLANG_WARN_CONSTANT_CONVERSION = YES;
				CLANG_WARN_DEPRECATED_OBJC_IMPLEMENTATIONS = YES;
				CLANG_WARN_DIRECT_OBJC_ISA_USAGE = YES_ERROR;
				CLANG_WARN_DOCUMENTATION_COMMENTS = YES;
				CLANG_WARN_EMPTY_BODY = YES;
				CLANG_WARN_ENUM_CONVERSION = YES;
				CLANG_WARN_INFINITE_RECURSION = YES;
				CLANG_WARN_INT_CONVERSION = YES;
				CLANG_WARN_NON_LITERAL_NULL_CONVERSION = YES;
				CLANG_WARN_OBJC_IMPLICIT_RETAIN_SELF = YES;
				CLANG_WARN_OBJC_LITERAL_CONVERSION = YES;
				CLANG_WARN_OBJC_ROOT_CLASS = YES_ERROR;
				CLANG_WARN_RANGE_LOOP_ANALYSIS = YES;
				CLANG_WARN_STRICT_PROTOTYPES = YES;
				CLANG_WARN_SUSPICIOUS_MOVE = YES;
				CLANG_WARN_UNGUARDED_AVAILABILITY = YES_AGGRESSIVE;
				CLANG_WARN_UNREACHABLE_CODE = YES;
				CLANG_WARN__DUPLICATE_METHOD_MATCH = YES;
				COPY_PHASE_STRIP = NO;
				DEBUG_INFORMATION_FORMAT = dwarf;
				ENABLE_STRICT_OBJC_MSGSEND = YES;
				ENABLE_TESTABILITY = YES;
				GCC_C_LANGUAGE_STANDARD = gnu11;
				GCC_DYNAMIC_NO_PIC = NO;
				GCC_NO_COMMON_BLOCKS = YES;
				GCC_OPTIMIZATION_LEVEL = 0;
				GCC_PREPROCESSOR_DEFINITIONS = (
					"DEBUG=1",
					"$(inherited)",
				);
				GCC_WARN_64_TO_32_BIT_CONVERSION = YES;
				GCC_WARN_ABOUT_RETURN_TYPE = YES_ERROR;
				GCC_WARN_UNDECLARED_SELECTOR = YES;
				GCC_WARN_UNINITIALIZED_AUTOS = YES_AGGRESSIVE;
				GCC_WARN_UNUSED_FUNCTION = YES;
				GCC_WARN_UNUSED_VARIABLE = YES;
				IPHONEOS_DEPLOYMENT_TARGET = 13.5;
				MTL_ENABLE_DEBUG_INFO = INCLUDE_SOURCE;
				MTL_FAST_MATH = YES;
				ONLY_ACTIVE_ARCH = YES;
				SDKROOT = iphoneos;
				SWIFT_ACTIVE_COMPILATION_CONDITIONS = DEBUG;
				SWIFT_OPTIMIZATION_LEVEL = "-Onone";
			};
			name = Debug;
		};
		AFFB5CA5249C036E000C8ADD /* Release */ = {
			isa = XCBuildConfiguration;
			buildSettings = {
				ALWAYS_SEARCH_USER_PATHS = NO;
				CLANG_ANALYZER_NONNULL = YES;
				CLANG_ANALYZER_NUMBER_OBJECT_CONVERSION = YES_AGGRESSIVE;
				CLANG_CXX_LANGUAGE_STANDARD = "gnu++14";
				CLANG_CXX_LIBRARY = "libc++";
				CLANG_ENABLE_MODULES = YES;
				CLANG_ENABLE_OBJC_ARC = YES;
				CLANG_ENABLE_OBJC_WEAK = YES;
				CLANG_WARN_BLOCK_CAPTURE_AUTORELEASING = YES;
				CLANG_WARN_BOOL_CONVERSION = YES;
				CLANG_WARN_COMMA = YES;
				CLANG_WARN_CONSTANT_CONVERSION = YES;
				CLANG_WARN_DEPRECATED_OBJC_IMPLEMENTATIONS = YES;
				CLANG_WARN_DIRECT_OBJC_ISA_USAGE = YES_ERROR;
				CLANG_WARN_DOCUMENTATION_COMMENTS = YES;
				CLANG_WARN_EMPTY_BODY = YES;
				CLANG_WARN_ENUM_CONVERSION = YES;
				CLANG_WARN_INFINITE_RECURSION = YES;
				CLANG_WARN_INT_CONVERSION = YES;
				CLANG_WARN_NON_LITERAL_NULL_CONVERSION = YES;
				CLANG_WARN_OBJC_IMPLICIT_RETAIN_SELF = YES;
				CLANG_WARN_OBJC_LITERAL_CONVERSION = YES;
				CLANG_WARN_OBJC_ROOT_CLASS = YES_ERROR;
				CLANG_WARN_RANGE_LOOP_ANALYSIS = YES;
				CLANG_WARN_STRICT_PROTOTYPES = YES;
				CLANG_WARN_SUSPICIOUS_MOVE = YES;
				CLANG_WARN_UNGUARDED_AVAILABILITY = YES_AGGRESSIVE;
				CLANG_WARN_UNREACHABLE_CODE = YES;
				CLANG_WARN__DUPLICATE_METHOD_MATCH = YES;
				COPY_PHASE_STRIP = NO;
				DEBUG_INFORMATION_FORMAT = "dwarf-with-dsym";
				ENABLE_NS_ASSERTIONS = NO;
				ENABLE_STRICT_OBJC_MSGSEND = YES;
				GCC_C_LANGUAGE_STANDARD = gnu11;
				GCC_NO_COMMON_BLOCKS = YES;
				GCC_WARN_64_TO_32_BIT_CONVERSION = YES;
				GCC_WARN_ABOUT_RETURN_TYPE = YES_ERROR;
				GCC_WARN_UNDECLARED_SELECTOR = YES;
				GCC_WARN_UNINITIALIZED_AUTOS = YES_AGGRESSIVE;
				GCC_WARN_UNUSED_FUNCTION = YES;
				GCC_WARN_UNUSED_VARIABLE = YES;
				IPHONEOS_DEPLOYMENT_TARGET = 13.5;
				MTL_ENABLE_DEBUG_INFO = NO;
				MTL_FAST_MATH = YES;
				SDKROOT = iphoneos;
				SWIFT_COMPILATION_MODE = wholemodule;
				SWIFT_OPTIMIZATION_LEVEL = "-O";
				VALIDATE_PRODUCT = YES;
			};
			name = Release;
		};
		AFFB5CA7249C036E000C8ADD /* Debug */ = {
			isa = XCBuildConfiguration;
			buildSettings = {
				ASSETCATALOG_COMPILER_APPICON_NAME = AppIcon;
				CODE_SIGN_STYLE = Automatic;
				DEVELOPMENT_ASSET_PATHS = "\"minesweeper/Preview Content\"";
				DEVELOPMENT_TEAM = 58X7XVG57X;
				ENABLE_PREVIEWS = YES;
				INFOPLIST_FILE = minesweeper/Info.plist;
				LD_RUNPATH_SEARCH_PATHS = (
					"$(inherited)",
					"@executable_path/Frameworks",
				);
				PRODUCT_BUNDLE_IDENTIFIER = com.benzobrist.minesweeper;
				PRODUCT_NAME = "$(TARGET_NAME)";
				SWIFT_VERSION = 5.0;
				TARGETED_DEVICE_FAMILY = "1,2";
			};
			name = Debug;
		};
		AFFB5CA8249C036E000C8ADD /* Release */ = {
			isa = XCBuildConfiguration;
			buildSettings = {
				ASSETCATALOG_COMPILER_APPICON_NAME = AppIcon;
				CODE_SIGN_STYLE = Automatic;
				DEVELOPMENT_ASSET_PATHS = "\"minesweeper/Preview Content\"";
				DEVELOPMENT_TEAM = 58X7XVG57X;
				ENABLE_PREVIEWS = YES;
				INFOPLIST_FILE = minesweeper/Info.plist;
				LD_RUNPATH_SEARCH_PATHS = (
					"$(inherited)",
					"@executable_path/Frameworks",
				);
				PRODUCT_BUNDLE_IDENTIFIER = com.benzobrist.minesweeper;
				PRODUCT_NAME = "$(TARGET_NAME)";
				SWIFT_VERSION = 5.0;
				TARGETED_DEVICE_FAMILY = "1,2";
			};
			name = Release;
		};
/* End XCBuildConfiguration section */

/* Begin XCConfigurationList section */
		AFFB5C8D249C036C000C8ADD /* Build configuration list for PBXProject "minesweeper" */ = {
			isa = XCConfigurationList;
			buildConfigurations = (
				AFFB5CA4249C036E000C8ADD /* Debug */,
				AFFB5CA5249C036E000C8ADD /* Release */,
			);
			defaultConfigurationIsVisible = 0;
			defaultConfigurationName = Release;
		};
		AFFB5CA6249C036E000C8ADD /* Build configuration list for PBXNativeTarget "minesweeper" */ = {
			isa = XCConfigurationList;
			buildConfigurations = (
				AFFB5CA7249C036E000C8ADD /* Debug */,
				AFFB5CA8249C036E000C8ADD /* Release */,
			);
			defaultConfigurationIsVisible = 0;
			defaultConfigurationName = Release;
		};
/* End XCConfigurationList section */
	};
	rootObject = AFFB5C8A249C036C000C8ADD /* Project object */;
}
